
Microsoft Visual Studio Solution File, Format Version 12.00
# Visual Studio Version 17
VisualStudioVersion = 17.1.32210.238
MinimumVisualStudioVersion = 10.0.40219.1
Project("{9A19103F-16F7-4668-BE54-9A1E7A4F7556}") = "Xcomp.Cloud.Api", "Xcomp.Cloud.Api\Xcomp.Cloud.Api.csproj", "{CBB353E6-F893-4D33-AACD-E847B6AF54A9}"
EndProject
Project("{FAE04EC0-301F-11D3-BF4B-00C04F79EFBC}") = "Xcomp.Cloud.Data", "Xcomp.Cloud.Data\Xcomp.Cloud.Data.csproj", "{DEC5DA92-F737-4293-9E57-EC056A59E8CE}"
EndProject
Project("{FAE04EC0-301F-11D3-BF4B-00C04F79EFBC}") = "Xcomp.Cloud.Share", "Xcomp.Cloud.Share\Xcomp.Cloud.Share.csproj", "{151FA399-0B29-44F4-9A6B-AFBD764EC169}"
EndProject
Project("{FAE04EC0-301F-11D3-BF4B-00C04F79EFBC}") = "Xcomp.Cloud.Core", "Xcomp.Cloud.Core\Xcomp.Cloud.Core.csproj", "{655D56AC-BF67-4A17-AAF0-B8DD617C1AE4}"
EndProject
Global
	GlobalSection(SolutionConfigurationPlatforms) = preSolution
		Debug|Any CPU = Debug|Any CPU
		Release|Any CPU = Release|Any CPU
	EndGlobalSection
	GlobalSection(ProjectConfigurationPlatforms) = postSolution
		{CBB353E6-F893-4D33-AACD-E847B6AF54A9}.Debug|Any CPU.ActiveCfg = Debug|Any CPU
		{CBB353E6-F893-4D33-AACD-E847B6AF54A9}.Debug|Any CPU.Build.0 = Debug|Any CPU
		{CBB353E6-F893-4D33-AACD-E847B6AF54A9}.Release|Any CPU.ActiveCfg = Release|Any CPU
		{CBB353E6-F893-4D33-AACD-E847B6AF54A9}.Release|Any CPU.Build.0 = Release|Any CPU
		{DEC5DA92-F737-4293-9E57-EC056A59E8CE}.Debug|Any CPU.ActiveCfg = Debug|Any CPU
		{DEC5DA92-F737-4293-9E57-EC056A59E8CE}.Debug|Any CPU.Build.0 = Debug|Any CPU
		{DEC5DA92-F737-4293-9E57-EC056A59E8CE}.Release|Any CPU.ActiveCfg = Release|Any CPU
		{DEC5DA92-F737-4293-9E57-EC056A59E8CE}.Release|Any CPU.Build.0 = Release|Any CPU
		{151FA399-0B29-44F4-9A6B-AFBD764EC169}.Debug|Any CPU.ActiveCfg = Debug|Any CPU
		{151FA399-0B29-44F4-9A6B-AFBD764EC169}.Debug|Any CPU.Build.0 = Debug|Any CPU
		{151FA399-0B29-44F4-9A6B-AFBD764EC169}.Release|Any CPU.ActiveCfg = Release|Any CPU
		{151FA399-0B29-44F4-9A6B-AFBD764EC169}.Release|Any CPU.Build.0 = Release|Any CPU
		{655D56AC-BF67-4A17-AAF0-B8DD617C1AE4}.Debug|Any CPU.ActiveCfg = Debug|Any CPU
		{655D56AC-BF67-4A17-AAF0-B8DD617C1AE4}.Debug|Any CPU.Build.0 = Debug|Any CPU
		{655D56AC-BF67-4A17-AAF0-B8DD617C1AE4}.Release|Any CPU.ActiveCfg = Release|Any CPU
		{655D56AC-BF67-4A17-AAF0-B8DD617C1AE4}.Release|Any CPU.Build.0 = Release|Any CPU
	EndGlobalSection
	GlobalSection(SolutionProperties) = preSolution
		HideSolutionNode = FALSE
	EndGlobalSection
	GlobalSection(ExtensibilityGlobals) = postSolution
		SolutionGuid = {995008BB-7948-4003-80D1-6A22A2514E84}
	EndGlobalSection
EndGlobal
